<?xml version="1.0" encoding="utf-8"?>
<Project ToolsVersion="4.0" xmlns="http://schemas.microsoft.com/developer/msbuild/2003">
  <ItemGroup>
    <Filter Include="Source Files">
      <UniqueIdentifier>{4FC737F1-C7A5-4376-A066-2A32D752A2FF}</UniqueIdentifier>
      <Extensions>cpp;c;cc;cxx;def;odl;idl;hpj;bat;asm;asmx</Extensions>
    </Filter>
    <Filter Include="Header Files">
      <UniqueIdentifier>{93995380-89BD-4b04-88EB-625FBE52EBFB}</UniqueIdentifier>
      <Extensions>h;hh;hpp;hxx;hm;inl;inc;xsd</Extensions>
    </Filter>
    <Filter Include="Resource Files">
      <UniqueIdentifier>{67DA6AB6-F800-4c08-8B7A-83BB121AAD01}</UniqueIdentifier>
      <Extensions>rc;ico;cur;bmp;dlg;rc2;rct;bin;rgs;gif;jpg;jpeg;jpe;resx;tiff;tif;png;wav;mfcribbon-ms</Extensions>
    </Filter>
    <Filter Include="Header Files\Components">
      <UniqueIdentifier>{758e4c95-b125-4b5d-9fbe-39439773b94c}</UniqueIdentifier>
    </Filter>
    <Filter Include="Header Files\Main">
      <UniqueIdentifier>{873c0c68-a65e-4583-8bef-911809385fa3}</UniqueIdentifier>
    </Filter>
    <Filter Include="Header Files\Managers">
      <UniqueIdentifier>{f0d43da4-3c10-4b0d-9ec4-1481302c07f2}</UniqueIdentifier>
    </Filter>
    <Filter Include="Header Files\Components\Audio">
      <UniqueIdentifier>{396013c2-095e-44a9-b3e7-73586546202d}</UniqueIdentifier>
    </Filter>
    <Filter Include="Header Files\Components\Collision">
      <UniqueIdentifier>{791b9fa1-4df8-46c2-92cb-07c272d79629}</UniqueIdentifier>
    </Filter>
    <Filter Include="Header Files\Components\Visual">
      <UniqueIdentifier>{ff8fe4d9-d308-4184-bc9e-6311cf02449f}</UniqueIdentifier>
    </Filter>
    <Filter Include="Source Files\Components">
      <UniqueIdentifier>{06c93391-09c5-4f77-bcf2-aaf939c01ee0}</UniqueIdentifier>
    </Filter>
    <Filter Include="Source Files\Main">
      <UniqueIdentifier>{d7bed421-5170-40a8-aa37-6a1ac86a1126}</UniqueIdentifier>
    </Filter>
    <Filter Include="Source Files\Components\Audio">
      <UniqueIdentifier>{b81f9d0c-a5dd-4b2f-8068-8fc54c6318f3}</UniqueIdentifier>
    </Filter>
    <Filter Include="Source Files\Components\Collision">
      <UniqueIdentifier>{e21bdc27-7b51-403d-9650-ac17241683e4}</UniqueIdentifier>
    </Filter>
    <Filter Include="Source Files\Main\Managers">
      <UniqueIdentifier>{2e826b70-23c4-4de0-be3a-90618f193e31}</UniqueIdentifier>
    </Filter>
    <Filter Include="Source Files\Components\Collision\Visual">
      <UniqueIdentifier>{952c6fe5-7ab9-449b-a46a-397cb483c6b9}</UniqueIdentifier>
    </Filter>
  </ItemGroup>
  <ItemGroup>
    <ClInclude Include="Animation.h">
      <Filter>Header Files\Components\Visual</Filter>
    </ClInclude>
    <ClInclude Include="Sprite.h">
      <Filter>Header Files\Components\Visual</Filter>
    </ClInclude>
    <ClInclude Include="Text.h">
      <Filter>Header Files\Components\Visual</Filter>
    </ClInclude>
    <ClInclude Include="Singleton.h">
      <Filter>Header Files\Main</Filter>
    </ClInclude>
    <ClInclude Include="AudioManager.h">
      <Filter>Header Files\Managers</Filter>
    </ClInclude>
    <ClInclude Include="InputManager.h">
      <Filter>Header Files\Managers</Filter>
    </ClInclude>
    <ClInclude Include="ScreenManager.h">
      <Filter>Header Files\Managers</Filter>
    </ClInclude>
    <ClInclude Include="TextureManager.h">
      <Filter>Header Files\Managers</Filter>
    </ClInclude>
    <ClInclude Include="SFX.h">
      <Filter>Header Files\Components\Audio</Filter>
    </ClInclude>
    <ClInclude Include="Audio.h">
      <Filter>Header Files\Components\Audio</Filter>
    </ClInclude>
    <ClInclude Include="AABB.h">
      <Filter>Header Files\Components\Collision</Filter>
    </ClInclude>
    <ClInclude Include="Sphere.h">
      <Filter>Header Files\Components\Collision</Filter>
    </ClInclude>
    <ClInclude Include="Character.h">
      <Filter>Header Files</Filter>
    </ClInclude>
    <ClInclude Include="GameManager.h">
      <Filter>Header Files</Filter>
    </ClInclude>
    <ClInclude Include="GameObject.h">
      <Filter>Header Files</Filter>
    </ClInclude>
    <ClInclude Include="Background.h">
      <Filter>Header Files</Filter>
    </ClInclude>
    <ClInclude Include="Item.h">
      <Filter>Header Files</Filter>
    </ClInclude>
    <ClInclude Include="Enemy.h">
      <Filter>Header Files</Filter>
    </ClInclude>
  </ItemGroup>
  <ItemGroup>
    <ClCompile Include="Animation.cpp">
      <Filter>Source Files\Components\Collision\Visual</Filter>
    </ClCompile>
    <ClCompile Include="Sprite.cpp">
      <Filter>Source Files\Components\Collision\Visual</Filter>
    </ClCompile>
    <ClCompile Include="Text.cpp">
      <Filter>Source Files\Components\Collision\Visual</Filter>
    </ClCompile>
    <ClCompile Include="Main.cpp">
      <Filter>Source Files\Main</Filter>
    </ClCompile>
    <ClCompile Include="AudioManager.cpp">
      <Filter>Source Files\Main\Managers</Filter>
    </ClCompile>
    <ClCompile Include="InputManager.cpp">
      <Filter>Source Files\Main\Managers</Filter>
    </ClCompile>
    <ClCompile Include="ScreenManager.cpp">
      <Filter>Source Files\Main\Managers</Filter>
    </ClCompile>
    <ClCompile Include="TextureManager.cpp">
      <Filter>Source Files\Main\Managers</Filter>
    </ClCompile>
    <ClCompile Include="SFX.cpp">
      <Filter>Source Files\Components\Audio</Filter>
    </ClCompile>
    <ClCompile Include="Audio.cpp">
      <Filter>Source Files\Components\Audio</Filter>
    </ClCompile>
    <ClCompile Include="AABB.cpp">
      <Filter>Source Files\Components\Collision</Filter>
    </ClCompile>
    <ClCompile Include="Sphere.cpp">
      <Filter>Source Files\Components\Collision</Filter>
    </ClCompile>
    <ClCompile Include="Character.cpp">
      <Filter>Source Files</Filter>
    </ClCompile>
    <ClCompile Include="GameManager.cpp">
      <Filter>Source Files</Filter>
    </ClCompile>
    <ClCompile Include="GameObject.cpp">
      <Filter>Source Files</Filter>
    </ClCompile>
    <ClCompile Include="Background.cpp">
      <Filter>Source Files</Filter>
    </ClCompile>
    <ClCompile Include="Item.cpp">
      <Filter>Source Files</Filter>
    </ClCompile>
    <ClCompile Include="Enemy.cpp">
      <Filter>Source Files</Filter>
    </ClCompile>
  </ItemGroup>
</Project>